// !$*UTF8*$!
{
	archiveVersion = 1;
	classes = {
	};
	objectVersion = 42;
	objects = {

/* Begin PBXApplicationTarget section */
		84E0A74CEDF0FA232A2491C3 /* xn */ = {
			isa = PBXApplicationTarget;
			buildConfigurationList = F12F5E4D0DF3F69F00949918 /* Build configuration list for PBXApplicationTarget "xn" */;
			buildPhases = (
				D7BA7D76DAB5DD13389D6332 /* ShellScript */,
				A0A52A2ADF7A1E2A99738674 /* ShellScript */,
				F6069D5A5DA8AA28EDB8B3C6 /* Resources */,
				C29B8785722055ED95EF7B57 /* Sources */,
				2A1043669E6E5A7426EA502A /* Frameworks */,
				3787F99312C85FF0073FD7BA /* Resources */,
			);
			dependencies = (
			);
			name = xn;
			productName = xn;
			productReference = F12F5E3B0DF3F69E00949918 /* xn.app */;
			productSettingsXML = "<?xml version=\"1.0\" encoding=\"UTF-8\"?>
<!DOCTYPE plist PUBLIC \"-//Apple//DTD PLIST 1.0//EN\" \"http://www.apple.com/DTDs/PropertyList-1.0.dtd\">
<plist version=\"1.0\">
<dict>
	<key>CFBundleExecutable</key>
	<string>xn</string>
	<key>CFBundleGetInfoString</key>
	<string>Created by Qt/QMake</string>
	<key>CFBundleIconFile</key>
	<string></string>
	<key>CFBundlePackageType</key>
	<string>APPL</string>
	<key>CFBundleSignature</key>
	<string>????</string>
	<key>NOTE</key>
	<string>Please, do NOT change this file -- It was generated by Qt/QMake.</string>
</dict>
</plist>
";
		};
/* End PBXApplicationTarget section */

/* Begin PBXBuildFile section */
		1ACCCFB6F251539683009048 /* greyscalewindow.cpp in Sources */ = {isa = PBXBuildFile; fileRef = 938885395995B2E692D24C88 /* greyscalewindow.cpp */; settings = {ATTRIBUTES = (); }; };
		1F28F6F754D6E9BCF723D627 /* moc_traindialog.cpp in Sources */ = {isa = PBXBuildFile; fileRef = 66A891FB9E794E67720557DF /* moc_traindialog.cpp */; settings = {ATTRIBUTES = (); }; };
		29BDEE2C2DCD381DD8D624EC /* dtneuron.cpp in Sources */ = {isa = PBXBuildFile; fileRef = FC41D54AA9A330A94FA8BA62 /* dtneuron.cpp */; settings = {ATTRIBUTES = (); }; };
		2AA10D14FCFFC23664BB8E00 /* edsubnetwork.cpp in Sources */ = {isa = PBXBuildFile; fileRef = 7B8CD2EA3A559332B4D519ED /* edsubnetwork.cpp */; settings = {ATTRIBUTES = (); }; };
		2B093CA6F071B023A473CED0 /* main.cpp in Sources */ = {isa = PBXBuildFile; fileRef = 118FCBAABA162BA17933C789 /* main.cpp */; settings = {ATTRIBUTES = (); }; };
		2C433A91D8ADA0FB1FAC4FDF /* nedtreeview.cpp in Sources */ = {isa = PBXBuildFile; fileRef = 85B93CDB2E6366D28FE95C81 /* nedtreeview.cpp */; settings = {ATTRIBUTES = (); }; };
		35341315E1D3CCE80F80F767 /* edgeconfiguration.cpp in Sources */ = {isa = PBXBuildFile; fileRef = 890C6C6FCD026637B911DF1D /* edgeconfiguration.cpp */; settings = {ATTRIBUTES = (); }; };
		51D4DBF7CB8537BE86EBD055 /* AppKit.framework in Frameworks */ = {isa = PBXBuildFile; fileRef = 821416211D63F190AAAD016A /* AppKit.framework */; };
		5F2A7F8DF6A1966E4067AC4B /* ednetwork.cpp in Sources */ = {isa = PBXBuildFile; fileRef = 7F47E0190DC3B21211459177 /* ednetwork.cpp */; settings = {ATTRIBUTES = (); }; };
		7D9C063A90C418DD903308CA /* QtCore_debug in Frameworks */ = {isa = PBXBuildFile; fileRef = 6D81EF8C3A43ADC8C748BFD4 /* QtCore_debug */; };
		9F60AE7E60919B9905D760F9 /* moc_nedtreeview.cpp in Sources */ = {isa = PBXBuildFile; fileRef = 81BFA3DE1813D8D3411387B8 /* moc_nedtreeview.cpp */; settings = {ATTRIBUTES = (); }; };
		AAEDB8D8FA8A2FE45390EB5F /* xnned.cpp in Sources */ = {isa = PBXBuildFile; fileRef = 183A23F8E4FEDC291BD0EDB7 /* xnned.cpp */; settings = {ATTRIBUTES = (); }; };
		B6365F08DF8FE4E679090FD3 /* QtXml_debug in Frameworks */ = {isa = PBXBuildFile; fileRef = 890EA7679682729A2F29ABC2 /* QtXml_debug */; };
		C8FD4A1AAA37CF2CA2824CCF /* Carbon.framework in Frameworks */ = {isa = PBXBuildFile; fileRef = DA138F75C9F545CDAE7FB264 /* Carbon.framework */; };
		D1CC228F004B394D87469202 /* traindialog.cpp in Sources */ = {isa = PBXBuildFile; fileRef = A3B9494F821DCE9EB4D1EABF /* traindialog.cpp */; settings = {ATTRIBUTES = (); }; };
		E393E6DCCB339C5049872228 /* QtGui_debug in Frameworks */ = {isa = PBXBuildFile; fileRef = E3D479AFD4FEC9C7B659DA76 /* QtGui_debug */; };
		E758D1D3C443006F0135E071 /* neuron.cpp in Sources */ = {isa = PBXBuildFile; fileRef = F87104CD62AFD05FF3468042 /* neuron.cpp */; settings = {ATTRIBUTES = (); }; };
		E966F68D795E3CD5D853F370 /* moc_xnned.cpp in Sources */ = {isa = PBXBuildFile; fileRef = 2DA158F93E2F8D6B5B732EE3 /* moc_xnned.cpp */; settings = {ATTRIBUTES = (); }; };
		EF7293F6CFBE2E6542181011 /* ednetworkmember.cpp in Sources */ = {isa = PBXBuildFile; fileRef = 83614DE2E106FC36D6D58516 /* ednetworkmember.cpp */; settings = {ATTRIBUTES = (); }; };
		F9E76E570E10AF14870553A7 /* ApplicationServices.framework in Frameworks */ = {isa = PBXBuildFile; fileRef = 27AE7A480FD6C52FCA80FECD /* ApplicationServices.framework */; };
/* End PBXBuildFile section */

/* Begin PBXFileReference section */
		00709E3BFA48D4F3E74662EA /* traindialog.h */ = {isa = PBXFileReference; lastKnownFileType = sourcecode.c.h; path = traindialog.h; sourceTree = "<group>"; };
		0394C9C6ED142212DDAEE94D /* dtneuron.h */ = {isa = PBXFileReference; lastKnownFileType = sourcecode.c.h; path = dtneuron.h; sourceTree = "<group>"; };
		0AF17390B44814FFCBE953A9 /* edgeconfiguration.h */ = {isa = PBXFileReference; lastKnownFileType = sourcecode.c.h; path = edgeconfiguration.h; sourceTree = "<group>"; };
		118FCBAABA162BA17933C789 /* main.cpp */ = {isa = PBXFileReference; lastKnownFileType = sourcecode.cpp.cpp; path = main.cpp; sourceTree = "<group>"; };
		183A23F8E4FEDC291BD0EDB7 /* xnned.cpp */ = {isa = PBXFileReference; lastKnownFileType = sourcecode.cpp.cpp; path = xnned.cpp; sourceTree = "<group>"; };
		27AE7A480FD6C52FCA80FECD /* ApplicationServices.framework */ = {isa = PBXFileReference; lastKnownFileType = wrapper.framework; name = ApplicationServices.framework; path = /System/Library/Frameworks/ApplicationServices.framework; sourceTree = "<absolute>"; };
		2DA158F93E2F8D6B5B732EE3 /* moc_xnned.cpp */ = {isa = PBXFileReference; lastKnownFileType = file; path = moc_xnned.cpp; sourceTree = "<group>"; };
		45976686A07321410A8553C5 /* globals.h */ = {isa = PBXFileReference; lastKnownFileType = sourcecode.c.h; path = globals.h; sourceTree = "<group>"; };
		66A891FB9E794E67720557DF /* moc_traindialog.cpp */ = {isa = PBXFileReference; lastKnownFileType = file; path = moc_traindialog.cpp; sourceTree = "<group>"; };
		6D81EF8C3A43ADC8C748BFD4 /* QtCore_debug */ = {isa = PBXFileReference; lastKnownFileType = archive.ar; name = QtCore_debug; path = "/usr/local/Trolltech/Qt-4.3.0/lib/libQtCore_debug.a"; sourceTree = "<absolute>"; };
		71CF16DF0B66200FC3DF24BB /* ednetworkmember.h */ = {isa = PBXFileReference; lastKnownFileType = sourcecode.c.h; path = ednetworkmember.h; sourceTree = "<group>"; };
		7B8CD2EA3A559332B4D519ED /* edsubnetwork.cpp */ = {isa = PBXFileReference; lastKnownFileType = sourcecode.cpp.cpp; path = edsubnetwork.cpp; sourceTree = "<group>"; };
		7F47E0190DC3B21211459177 /* ednetwork.cpp */ = {isa = PBXFileReference; lastKnownFileType = sourcecode.cpp.cpp; path = ednetwork.cpp; sourceTree = "<group>"; };
		81BFA3DE1813D8D3411387B8 /* moc_nedtreeview.cpp */ = {isa = PBXFileReference; lastKnownFileType = file; path = moc_nedtreeview.cpp; sourceTree = "<group>"; };
		821416211D63F190AAAD016A /* AppKit.framework */ = {isa = PBXFileReference; lastKnownFileType = wrapper.framework; name = AppKit.framework; path = /System/Library/Frameworks/AppKit.framework; sourceTree = "<absolute>"; };
		83614DE2E106FC36D6D58516 /* ednetworkmember.cpp */ = {isa = PBXFileReference; lastKnownFileType = sourcecode.cpp.cpp; path = ednetworkmember.cpp; sourceTree = "<group>"; };
		85B93CDB2E6366D28FE95C81 /* nedtreeview.cpp */ = {isa = PBXFileReference; lastKnownFileType = sourcecode.cpp.cpp; path = nedtreeview.cpp; sourceTree = "<group>"; };
		890C6C6FCD026637B911DF1D /* edgeconfiguration.cpp */ = {isa = PBXFileReference; lastKnownFileType = sourcecode.cpp.cpp; path = edgeconfiguration.cpp; sourceTree = "<group>"; };
		890EA7679682729A2F29ABC2 /* QtXml_debug */ = {isa = PBXFileReference; lastKnownFileType = archive.ar; name = QtXml_debug; path = "/usr/local/Trolltech/Qt-4.3.0/lib/libQtXml_debug.a"; sourceTree = "<absolute>"; };
		938885395995B2E692D24C88 /* greyscalewindow.cpp */ = {isa = PBXFileReference; lastKnownFileType = sourcecode.cpp.cpp; path = greyscalewindow.cpp; sourceTree = "<group>"; };
		9CD11DE4DE3FA22BF88325D8 /* edsubnetwork.h */ = {isa = PBXFileReference; lastKnownFileType = sourcecode.c.h; path = edsubnetwork.h; sourceTree = "<group>"; };
		A3B9494F821DCE9EB4D1EABF /* traindialog.cpp */ = {isa = PBXFileReference; lastKnownFileType = sourcecode.cpp.cpp; path = traindialog.cpp; sourceTree = "<group>"; };
		A8C41D277B9244960D7405CB /* xn.pro */ = {isa = PBXFileReference; lastKnownFileType = text; path = xn.pro; sourceTree = "<group>"; };
		AC64CC0DC9A27B681F6DC5D0 /* xnned.h */ = {isa = PBXFileReference; lastKnownFileType = sourcecode.c.h; path = xnned.h; sourceTree = "<group>"; };
		BA5D1B29E614FBA50ED0AE86 /* neuron.h */ = {isa = PBXFileReference; lastKnownFileType = sourcecode.c.h; path = neuron.h; sourceTree = "<group>"; };
		C4DAA2B8244E47117B45E594 /* ednetwork.h */ = {isa = PBXFileReference; lastKnownFileType = sourcecode.c.h; path = ednetwork.h; sourceTree = "<group>"; };
		D4CA8312ABE6C87061AC5D97 /* nedtreeview.h */ = {isa = PBXFileReference; lastKnownFileType = sourcecode.c.h; path = nedtreeview.h; sourceTree = "<group>"; };
		DA138F75C9F545CDAE7FB264 /* Carbon.framework */ = {isa = PBXFileReference; lastKnownFileType = wrapper.framework; name = Carbon.framework; path = /System/Library/Frameworks/Carbon.framework; sourceTree = "<absolute>"; };
		E3D479AFD4FEC9C7B659DA76 /* QtGui_debug */ = {isa = PBXFileReference; lastKnownFileType = archive.ar; name = QtGui_debug; path = "/usr/local/Trolltech/Qt-4.3.0/lib/libQtGui_debug.a"; sourceTree = "<absolute>"; };
		F12F5E3B0DF3F69E00949918 /* xn.app */ = {isa = PBXFileReference; explicitFileType = wrapper.application; includeInIndex = 0; path = xn.app; sourceTree = BUILT_PRODUCTS_DIR; };
		F44AF145339012B91D4B3E6B /* greyscalewindow.h */ = {isa = PBXFileReference; lastKnownFileType = sourcecode.c.h; path = greyscalewindow.h; sourceTree = "<group>"; };
		F87104CD62AFD05FF3468042 /* neuron.cpp */ = {isa = PBXFileReference; lastKnownFileType = sourcecode.cpp.cpp; path = neuron.cpp; sourceTree = "<group>"; };
		FC41D54AA9A330A94FA8BA62 /* dtneuron.cpp */ = {isa = PBXFileReference; lastKnownFileType = sourcecode.cpp.cpp; path = dtneuron.cpp; sourceTree = "<group>"; };
/* End PBXFileReference section */

/* Begin PBXFrameworksBuildPhase section */
		2A1043669E6E5A7426EA502A /* Frameworks */ = {
			isa = PBXFrameworksBuildPhase;
			buildActionMask = 2147483647;
			files = (
				B6365F08DF8FE4E679090FD3 /* QtXml_debug in Frameworks */,
				E393E6DCCB339C5049872228 /* QtGui_debug in Frameworks */,
				C8FD4A1AAA37CF2CA2824CCF /* Carbon.framework in Frameworks */,
				51D4DBF7CB8537BE86EBD055 /* AppKit.framework in Frameworks */,
				7D9C063A90C418DD903308CA /* QtCore_debug in Frameworks */,
				F9E76E570E10AF14870553A7 /* ApplicationServices.framework in Frameworks */,
			);
			runOnlyForDeploymentPostprocessing = 0;
		};
/* End PBXFrameworksBuildPhase section */

/* Begin PBXGroup section */
		05596AB53D8D521C69802C27 /* xn */ = {
			isa = PBXGroup;
			children = (
				FB61758D0F0FDA4BA867C3D5 /* Sources */,
				46E892BBB6BB6952967E0561 /* Temporary Sources */,
				883D7615C4D2DE3FA1218F12 /* Headers */,
				7CABE3C80E79AD2B307756D2 /* Sources [qmake] */,
				ED1E82605DD74B483AF3C982 /* External Frameworks and Libraries */,
				F12F5E3C0DF3F69E00949918 /* Products */,
			);
			name = xn;
			sourceTree = "<group>";
		};
		46E892BBB6BB6952967E0561 /* Temporary Sources */ = {
			isa = PBXGroup;
			children = (
				81BFA3DE1813D8D3411387B8 /* moc_nedtreeview.cpp */,
				66A891FB9E794E67720557DF /* moc_traindialog.cpp */,
				2DA158F93E2F8D6B5B732EE3 /* moc_xnned.cpp */,
			);
			name = "Temporary Sources";
			sourceTree = "<group>";
		};
		7CABE3C80E79AD2B307756D2 /* Sources [qmake] */ = {
			isa = PBXGroup;
			children = (
				A8C41D277B9244960D7405CB /* xn.pro */,
			);
			name = "Sources [qmake]";
			sourceTree = "<group>";
		};
		883D7615C4D2DE3FA1218F12 /* Headers */ = {
			isa = PBXGroup;
			children = (
				0394C9C6ED142212DDAEE94D /* dtneuron.h */,
				0AF17390B44814FFCBE953A9 /* edgeconfiguration.h */,
				C4DAA2B8244E47117B45E594 /* ednetwork.h */,
				71CF16DF0B66200FC3DF24BB /* ednetworkmember.h */,
				9CD11DE4DE3FA22BF88325D8 /* edsubnetwork.h */,
				45976686A07321410A8553C5 /* globals.h */,
				F44AF145339012B91D4B3E6B /* greyscalewindow.h */,
				D4CA8312ABE6C87061AC5D97 /* nedtreeview.h */,
				BA5D1B29E614FBA50ED0AE86 /* neuron.h */,
				00709E3BFA48D4F3E74662EA /* traindialog.h */,
				AC64CC0DC9A27B681F6DC5D0 /* xnned.h */,
			);
			name = Headers;
			sourceTree = "<group>";
		};
		ED1E82605DD74B483AF3C982 /* External Frameworks and Libraries */ = {
			isa = PBXGroup;
			children = (
				890EA7679682729A2F29ABC2 /* QtXml_debug */,
				E3D479AFD4FEC9C7B659DA76 /* QtGui_debug */,
				DA138F75C9F545CDAE7FB264 /* Carbon.framework */,
				821416211D63F190AAAD016A /* AppKit.framework */,
				6D81EF8C3A43ADC8C748BFD4 /* QtCore_debug */,
				27AE7A480FD6C52FCA80FECD /* ApplicationServices.framework */,
			);
			name = "External Frameworks and Libraries";
			sourceTree = "<group>";
		};
		F12F5E3C0DF3F69E00949918 /* Products */ = {
			isa = PBXGroup;
			children = (
				F12F5E3B0DF3F69E00949918 /* xn.app */,
			);
			name = Products;
			sourceTree = "<group>";
		};
		FB61758D0F0FDA4BA867C3D5 /* Sources */ = {
			isa = PBXGroup;
			children = (
				FC41D54AA9A330A94FA8BA62 /* dtneuron.cpp */,
				890C6C6FCD026637B911DF1D /* edgeconfiguration.cpp */,
				7F47E0190DC3B21211459177 /* ednetwork.cpp */,
				83614DE2E106FC36D6D58516 /* ednetworkmember.cpp */,
				7B8CD2EA3A559332B4D519ED /* edsubnetwork.cpp */,
				938885395995B2E692D24C88 /* greyscalewindow.cpp */,
				118FCBAABA162BA17933C789 /* main.cpp */,
				85B93CDB2E6366D28FE95C81 /* nedtreeview.cpp */,
				F87104CD62AFD05FF3468042 /* neuron.cpp */,
				A3B9494F821DCE9EB4D1EABF /* traindialog.cpp */,
				183A23F8E4FEDC291BD0EDB7 /* xnned.cpp */,
			);
			name = Sources;
			sourceTree = "<group>";
		};
/* End PBXGroup section */

/* Begin PBXProject section */
		91B15E841AA80083484172DE /* Project object */ = {
			isa = PBXProject;
			buildConfigurationList = F12F5E4C0DF3F69F00949918 /* Build configuration list for PBXProject "xn" */;
			compatibilityVersion = "Xcode 2.4";
			hasScannedForEncodings = 1;
			mainGroup = 05596AB53D8D521C69802C27 /* xn */;
			productRefGroup = F12F5E3C0DF3F69E00949918 /* Products */;
			projectDirPath = "";
			projectRoot = "";
			targets = (
				84E0A74CEDF0FA232A2491C3 /* xn */,
			);
		};
/* End PBXProject section */

/* Begin PBXResourcesBuildPhase section */
		3787F99312C85FF0073FD7BA /* Resources */ = {
			isa = PBXResourcesBuildPhase;
			buildActionMask = 2147483647;
			files = (
			);
			runOnlyForDeploymentPostprocessing = 0;
		};
		F6069D5A5DA8AA28EDB8B3C6 /* Resources */ = {
			isa = PBXResourcesBuildPhase;
			buildActionMask = 2147483647;
			files = (
			);
			runOnlyForDeploymentPostprocessing = 0;
		};
/* End PBXResourcesBuildPhase section */

/* Begin PBXShellScriptBuildPhase section */
		A0A52A2ADF7A1E2A99738674 /* ShellScript */ = {
			isa = PBXShellScriptBuildPhase;
			buildActionMask = 2147483647;
			files = (
			);
			runOnlyForDeploymentPostprocessing = 0;
			shellPath = /bin/sh;
			shellScript = "make -C /Developer/Applications/w8r/qt/xn -f xn.pbproj/qt_preprocess.mak";
		};
		D7BA7D76DAB5DD13389D6332 /* ShellScript */ = {
			isa = PBXShellScriptBuildPhase;
			buildActionMask = 2147483647;
			files = (
			);
			runOnlyForDeploymentPostprocessing = 0;
			shellPath = /bin/sh;
			shellScript = "make -C /Developer/Applications/w8r/qt/xn -f xn.pbproj/qt_makeqmake.mak";
		};
/* End PBXShellScriptBuildPhase section */

/* Begin PBXSourcesBuildPhase section */
		C29B8785722055ED95EF7B57 /* Sources */ = {
			isa = PBXSourcesBuildPhase;
			buildActionMask = 2147483647;
			files = (
				29BDEE2C2DCD381DD8D624EC /* dtneuron.cpp in Sources */,
				35341315E1D3CCE80F80F767 /* edgeconfiguration.cpp in Sources */,
				5F2A7F8DF6A1966E4067AC4B /* ednetwork.cpp in Sources */,
				EF7293F6CFBE2E6542181011 /* ednetworkmember.cpp in Sources */,
				2AA10D14FCFFC23664BB8E00 /* edsubnetwork.cpp in Sources */,
				1ACCCFB6F251539683009048 /* greyscalewindow.cpp in Sources */,
				2B093CA6F071B023A473CED0 /* main.cpp in Sources */,
				2C433A91D8ADA0FB1FAC4FDF /* nedtreeview.cpp in Sources */,
				E758D1D3C443006F0135E071 /* neuron.cpp in Sources */,
				D1CC228F004B394D87469202 /* traindialog.cpp in Sources */,
				AAEDB8D8FA8A2FE45390EB5F /* xnned.cpp in Sources */,
				9F60AE7E60919B9905D760F9 /* moc_nedtreeview.cpp in Sources */,
				1F28F6F754D6E9BCF723D627 /* moc_traindialog.cpp in Sources */,
				E966F68D795E3CD5D853F370 /* moc_xnned.cpp in Sources */,
			);
			runOnlyForDeploymentPostprocessing = 0;
		};
/* End PBXSourcesBuildPhase section */

/* Begin XCBuildConfiguration section */
		F12F5E480DF3F69F00949918 /* Development */ = {
			isa = XCBuildConfiguration;
			buildSettings = {
			};
			name = Development;
		};
		F12F5E490DF3F69F00949918 /* Default */ = {
			isa = XCBuildConfiguration;
			buildSettings = {
			};
			name = Default;
		};
		F12F5E4A0DF3F69F00949918 /* Development */ = {
			isa = XCBuildConfiguration;
			buildSettings = {
				BUILD_ROOT = /Developer/Applications/w8r/qt/xn;
				CC = /usr/bin/cc;
				COPY_PHASE_STRIP = NO;
				CPLUSPLUS = "/usr/bin/c++";
				DYLIB_COMPATIBILITY_VERSION = 1.0;
				DYLIB_CURRENT_VERSION = 1.0.0;
				GCC_DYNAMIC_NO_PIC = NO;
				GCC_ENABLE_FIX_AND_CONTINUE = YES;
				GCC_GENERATE_DEBUGGING_SYMBOLS = YES;
				GCC_OPTIMIZATION_LEVEL = 0;
				HEADER_SEARCH_PATHS = (
					"/usr/local/Trolltech/Qt-4.3.0/include/QtCore",
					"/usr/local/Trolltech/Qt-4.3.0/include/QtCore",
					"/usr/local/Trolltech/Qt-4.3.0/include/QtGui",
					"/usr/local/Trolltech/Qt-4.3.0/include/QtGui",
					"/usr/local/Trolltech/Qt-4.3.0/include/QtXml",
					"/usr/local/Trolltech/Qt-4.3.0/include/QtXml",
					"/usr/local/Trolltech/Qt-4.3.0/include",
					.,
					.,
					.,
					/usr/local/include,
					/System/Library/Frameworks/CarbonCore.framework/Headers,
					"/usr/local/Trolltech/Qt-4.3.0/mkspecs/macx-xcode",
				);
				INFOPLIST_FILE = Info.plist;
				LEXFLAGS = "";
				LIBRARY_SEARCH_PATHS = (
					"/usr/local/Trolltech/Qt-4.3.0/lib",
					"/usr/local/Trolltech/Qt-4.3.0/lib",
					/System/Library/Frameworks/,
				);
				OTHER_CFLAGS = (
					"-pipe",
					"-g",
					"-Wall",
					"-W",
					"-DQT_XML_LIB",
					"-DQT_GUI_LIB",
					"-DQT_CORE_LIB",
				);
				OTHER_CPLUSPLUSFLAGS = (
					"-pipe",
					"-g",
					"-Wall",
					"-W",
					"-DQT_XML_LIB",
					"-DQT_GUI_LIB",
					"-DQT_CORE_LIB",
				);
				OTHER_LDFLAGS = (
					"-headerpad_max_install_names",
					"-L/usr/local/Trolltech/Qt-4.3.0/lib",
					"-L/usr/local/Trolltech/Qt-4.3.0/lib",
					"-lz",
					"-lm",
				);
				OTHER_REZFLAGS = "";
				PREBINDINGS = NO;
				PRODUCT_NAME = xn;
				SECTORDER_FLAGS = "";
				WARNING_CFLAGS = "";
				WRAPPER_SUFFIX = app;
				YACCFLAGS = "-d";
				ZERO_LINK = YES;
			};
			name = Development;
		};
		F12F5E4B0DF3F69F00949918 /* Default */ = {
			isa = XCBuildConfiguration;
			buildSettings = {
				BUILD_ROOT = /Developer/Applications/w8r/qt/xn;
				CC = /usr/bin/cc;
				CPLUSPLUS = "/usr/bin/c++";
				DYLIB_COMPATIBILITY_VERSION = 1.0;
				DYLIB_CURRENT_VERSION = 1.0.0;
				HEADER_SEARCH_PATHS = (
					"/usr/local/Trolltech/Qt-4.3.0/include/QtCore",
					"/usr/local/Trolltech/Qt-4.3.0/include/QtCore",
					"/usr/local/Trolltech/Qt-4.3.0/include/QtGui",
					"/usr/local/Trolltech/Qt-4.3.0/include/QtGui",
					"/usr/local/Trolltech/Qt-4.3.0/include/QtXml",
					"/usr/local/Trolltech/Qt-4.3.0/include/QtXml",
					"/usr/local/Trolltech/Qt-4.3.0/include",
					.,
					.,
					.,
					/usr/local/include,
					/System/Library/Frameworks/CarbonCore.framework/Headers,
					"/usr/local/Trolltech/Qt-4.3.0/mkspecs/macx-xcode",
				);
				INFOPLIST_FILE = Info.plist;
				LEXFLAGS = "";
				LIBRARY_SEARCH_PATHS = (
					"/usr/local/Trolltech/Qt-4.3.0/lib",
					"/usr/local/Trolltech/Qt-4.3.0/lib",
					/System/Library/Frameworks/,
				);
				OTHER_CFLAGS = (
					"-pipe",
					"-g",
					"-Wall",
					"-W",
					"-DQT_XML_LIB",
					"-DQT_GUI_LIB",
					"-DQT_CORE_LIB",
				);
				OTHER_CPLUSPLUSFLAGS = (
					"-pipe",
					"-g",
					"-Wall",
					"-W",
					"-DQT_XML_LIB",
					"-DQT_GUI_LIB",
					"-DQT_CORE_LIB",
				);
				OTHER_LDFLAGS = (
					"-headerpad_max_install_names",
					"-L/usr/local/Trolltech/Qt-4.3.0/lib",
					"-L/usr/local/Trolltech/Qt-4.3.0/lib",
					"-lz",
					"-lm",
				);
				OTHER_REZFLAGS = "";
				PREBINDINGS = NO;
				PRODUCT_NAME = xn;
				SECTORDER_FLAGS = "";
				WARNING_CFLAGS = "";
				WRAPPER_SUFFIX = app;
				YACCFLAGS = "-d";
			};
			name = Default;
		};
/* End XCBuildConfiguration section */

/* Begin XCConfigurationList section */
		F12F5E4C0DF3F69F00949918 /* Build configuration list for PBXProject "xn" */ = {
			isa = XCConfigurationList;
			buildConfigurations = (
				F12F5E480DF3F69F00949918 /* Development */,
				F12F5E490DF3F69F00949918 /* Default */,
			);
			defaultConfigurationIsVisible = 0;
			defaultConfigurationName = Default;
		};
		F12F5E4D0DF3F69F00949918 /* Build configuration list for PBXApplicationTarget "xn" */ = {
			isa = XCConfigurationList;
			buildConfigurations = (
				F12F5E4A0DF3F69F00949918 /* Development */,
				F12F5E4B0DF3F69F00949918 /* Default */,
			);
			defaultConfigurationIsVisible = 0;
			defaultConfigurationName = Default;
		};
/* End XCConfigurationList section */
	};
	rootObject = 91B15E841AA80083484172DE /* Project object */;
}
